
Microsoft Visual Studio Solution File, Format Version 12.00
# Visual Studio 14
VisualStudioVersion = 14.0.25420.1
MinimumVisualStudioVersion = 10.0.40219.1
Project("{FAE04EC0-301F-11D3-BF4B-00C04F79EFBC}") = "BAL_Service", "..\BAL_Service\BAL_Service.csproj", "{8AD3D96A-2B29-41EF-9BA0-5B4D7216912E}"
EndProject
Project("{FAE04EC0-301F-11D3-BF4B-00C04F79EFBC}") = "Cockpit_NextGenMVC", "Cockpit_NextGenMVC.csproj", "{C2628DE1-87FD-426A-9CBC-F7CD8636FFEB}"
	ProjectSection(ProjectDependencies) = postProject
		{8AD3D96A-2B29-41EF-9BA0-5B4D7216912E} = {8AD3D96A-2B29-41EF-9BA0-5B4D7216912E}
	EndProjectSection
EndProject
Global
	GlobalSection(SolutionConfigurationPlatforms) = preSolution
		Debug|Any CPU = Debug|Any CPU
		Release|Any CPU = Release|Any CPU
	EndGlobalSection
	GlobalSection(ProjectConfigurationPlatforms) = postSolution
		{8AD3D96A-2B29-41EF-9BA0-5B4D7216912E}.Debug|Any CPU.ActiveCfg = Debug|Any CPU
		{8AD3D96A-2B29-41EF-9BA0-5B4D7216912E}.Debug|Any CPU.Build.0 = Debug|Any CPU
		{8AD3D96A-2B29-41EF-9BA0-5B4D7216912E}.Release|Any CPU.ActiveCfg = Release|Any CPU
		{8AD3D96A-2B29-41EF-9BA0-5B4D7216912E}.Release|Any CPU.Build.0 = Release|Any CPU
		{C2628DE1-87FD-426A-9CBC-F7CD8636FFEB}.Debug|Any CPU.ActiveCfg = Debug|Any CPU
		{C2628DE1-87FD-426A-9CBC-F7CD8636FFEB}.Debug|Any CPU.Build.0 = Debug|Any CPU
		{C2628DE1-87FD-426A-9CBC-F7CD8636FFEB}.Release|Any CPU.ActiveCfg = Release|Any CPU
		{C2628DE1-87FD-426A-9CBC-F7CD8636FFEB}.Release|Any CPU.Build.0 = Release|Any CPU
	EndGlobalSection
	GlobalSection(SolutionProperties) = preSolution
		HideSolutionNode = FALSE
	EndGlobalSection
EndGlobal
